
Microsoft Visual Studio Solution File, Format Version 12.00
# Visual Studio Version 16
VisualStudioVersion = 16.0.31112.23
MinimumVisualStudioVersion = 10.0.40219.1
Project("{8BC9CEB8-8B4A-11D0-8D11-00A0C91BC942}") = "rit", "rit.vcxproj", "{E8D367F0-F9B7-4317-8E91-0651393364CF}"
EndProject
Global
	GlobalSection(SolutionConfigurationPlatforms) = preSolution
		Debug|x86 = Debug|x86
		Release|x86 = Release|x86
	EndGlobalSection
	GlobalSection(ProjectConfigurationPlatforms) = postSolution
		{E8D367F0-F9B7-4317-8E91-0651393364CF}.Debug|x86.ActiveCfg = Debug|Win32
		{E8D367F0-F9B7-4317-8E91-0651393364CF}.Debug|x86.Build.0 = Debug|Win32
		{E8D367F0-F9B7-4317-8E91-0651393364CF}.Release|x86.ActiveCfg = Release|Win32
		{E8D367F0-F9B7-4317-8E91-0651393364CF}.Release|x86.Build.0 = Release|Win32
	EndGlobalSection
	GlobalSection(SolutionProperties) = preSolution
		HideSolutionNode = FALSE
	EndGlobalSection
	GlobalSection(ExtensibilityGlobals) = postSolution
		SolutionGuid = {03254B90-CA2F-4391-A890-12CD766FE41F}
	EndGlobalSection
EndGlobal
