
Microsoft Visual Studio Solution File, Format Version 12.00
# Visual Studio Version 16
VisualStudioVersion = 16.0.31112.23
MinimumVisualStudioVersion = 10.0.40219.1
Project("{8BC9CEB8-8B4A-11D0-8D11-00A0C91BC942}") = "RunInTerminal", "RunInTerminal.vcxproj", "{243845AA-F5F9-4F45-94B3-8CAED4CDDBEE}"
EndProject
Global
	GlobalSection(SolutionConfigurationPlatforms) = preSolution
		Debug|x86 = Debug|x86
		Release|x86 = Release|x86
	EndGlobalSection
	GlobalSection(ProjectConfigurationPlatforms) = postSolution
		{243845AA-F5F9-4F45-94B3-8CAED4CDDBEE}.Debug|x86.ActiveCfg = Debug|Win32
		{243845AA-F5F9-4F45-94B3-8CAED4CDDBEE}.Debug|x86.Build.0 = Debug|Win32
		{243845AA-F5F9-4F45-94B3-8CAED4CDDBEE}.Release|x86.ActiveCfg = Release|Win32
		{243845AA-F5F9-4F45-94B3-8CAED4CDDBEE}.Release|x86.Build.0 = Release|Win32
	EndGlobalSection
	GlobalSection(SolutionProperties) = preSolution
		HideSolutionNode = FALSE
	EndGlobalSection
	GlobalSection(ExtensibilityGlobals) = postSolution
		SolutionGuid = {2C2C298F-833A-451B-BF65-12DAF35A7B67}
	EndGlobalSection
EndGlobal
